
Microsoft Visual Studio Solution File, Format Version 12.00
# Visual Studio Version 17
VisualStudioVersion = 17.4.33213.308
MinimumVisualStudioVersion = 10.0.40219.1
Project("{FAE04EC0-301F-11D3-BF4B-00C04F79EFBC}") = "ORMPostgreSQL", "ORMPostgreSQL\ORMPostgreSQL.csproj", "{CE2FAC45-156B-43F7-B5D8-4451F6577010}"
EndProject
Global
	GlobalSection(SolutionConfigurationPlatforms) = preSolution
		Debug|Any CPU = Debug|Any CPU
		Release|Any CPU = Release|Any CPU
	EndGlobalSection
	GlobalSection(ProjectConfigurationPlatforms) = postSolution
		{CE2FAC45-156B-43F7-B5D8-4451F6577010}.Debug|Any CPU.ActiveCfg = Debug|Any CPU
		{CE2FAC45-156B-43F7-B5D8-4451F6577010}.Debug|Any CPU.Build.0 = Debug|Any CPU
		{CE2FAC45-156B-43F7-B5D8-4451F6577010}.Release|Any CPU.ActiveCfg = Release|Any CPU
		{CE2FAC45-156B-43F7-B5D8-4451F6577010}.Release|Any CPU.Build.0 = Release|Any CPU
	EndGlobalSection
	GlobalSection(SolutionProperties) = preSolution
		HideSolutionNode = FALSE
	EndGlobalSection
	GlobalSection(ExtensibilityGlobals) = postSolution
		SolutionGuid = {0A1F9729-7424-4CF4-86ED-3B8DF95551C9}
	EndGlobalSection
EndGlobal
